// !$*UTF8*$!
{
	archiveVersion = 1;
	classes = {
	};
	objectVersion = 77;
	objects = {

/* Begin PBXBuildFile section */
		D2E7916E2E8AB8C8001654FF /* MinimumVersionView.swift in Sources */ = {isa = PBXBuildFile; fileRef = D2E7916D2E8AB8C8001654FF /* MinimumVersionView.swift */; };
/* End PBXBuildFile section */

/* Begin PBXContainerItemProxy section */
		D2FFEFC62E86CB92008AEB2D /* PBXContainerItemProxy */ = {
			isa = PBXContainerItemProxy;
			containerPortal = D2FFEFAE2E86CB8F008AEB2D /* Project object */;
			proxyType = 1;
			remoteGlobalIDString = D2FFEFB52E86CB8F008AEB2D;
			remoteInfo = "Demo Project";
		};
		D2FFEFD02E86CB92008AEB2D /* PBXContainerItemProxy */ = {
			isa = PBXContainerItemProxy;
			containerPortal = D2FFEFAE2E86CB8F008AEB2D /* Project object */;
			proxyType = 1;
			remoteGlobalIDString = D2FFEFB52E86CB8F008AEB2D;
			remoteInfo = "Demo Project";
		};
/* End PBXContainerItemProxy section */

/* Begin PBXFileReference section */
		D2E7916D2E8AB8C8001654FF /* MinimumVersionView.swift */ = {isa = PBXFileReference; lastKnownFileType = sourcecode.swift; path = MinimumVersionView.swift; sourceTree = "<group>"; };
		D2FFEFB62E86CB8F008AEB2D /* Demo Project.app */ = {isa = PBXFileReference; explicitFileType = wrapper.application; includeInIndex = 0; path = "Demo Project.app"; sourceTree = BUILT_PRODUCTS_DIR; };
		D2FFEFC52E86CB92008AEB2D /* Demo ProjectTests.xctest */ = {isa = PBXFileReference; explicitFileType = wrapper.cfbundle; includeInIndex = 0; path = "Demo ProjectTests.xctest"; sourceTree = BUILT_PRODUCTS_DIR; };
		D2FFEFCF2E86CB92008AEB2D /* Demo ProjectUITests.xctest */ = {isa = PBXFileReference; explicitFileType = wrapper.cfbundle; includeInIndex = 0; path = "Demo ProjectUITests.xctest"; sourceTree = BUILT_PRODUCTS_DIR; };
/* End PBXFileReference section */

/* Begin PBXFileSystemSynchronizedBuildFileExceptionSet section */
		D2AEBE1B2E8E974000C783F5 /* Exceptions for "Demo Project" folder in "Demo Project" target */ = {
			isa = PBXFileSystemSynchronizedBuildFileExceptionSet;
			membershipExceptions = (
				"Demo-Project-Info.plist",
			);
			target = D2FFEFB52E86CB8F008AEB2D /* Demo Project */;
		};
/* End PBXFileSystemSynchronizedBuildFileExceptionSet section */

/* Begin PBXFileSystemSynchronizedRootGroup section */
		D2FFEFB82E86CB8F008AEB2D /* Demo Project */ = {
			isa = PBXFileSystemSynchronizedRootGroup;
			exceptions = (
				D2AEBE1B2E8E974000C783F5 /* Exceptions for "Demo Project" folder in "Demo Project" target */,
			);
			path = "Demo Project";
			sourceTree = "<group>";
		};
		D2FFEFC82E86CB92008AEB2D /* Demo ProjectTests */ = {
			isa = PBXFileSystemSynchronizedRootGroup;
			path = "Demo ProjectTests";
			sourceTree = "<group>";
		};
		D2FFEFD22E86CB92008AEB2D /* Demo ProjectUITests */ = {
			isa = PBXFileSystemSynchronizedRootGroup;
			path = "Demo ProjectUITests";
			sourceTree = "<group>";
		};
/* End PBXFileSystemSynchronizedRootGroup section */

/* Begin PBXFrameworksBuildPhase section */
		D2FFEFB32E86CB8F008AEB2D /* Frameworks */ = {
			isa = PBXFrameworksBuildPhase;
			buildActionMask = 2147483647;
			files = (
			);
			runOnlyForDeploymentPostprocessing = 0;
		};
		D2FFEFC22E86CB92008AEB2D /* Frameworks */ = {
			isa = PBXFrameworksBuildPhase;
			buildActionMask = 2147483647;
			files = (
			);
			runOnlyForDeploymentPostprocessing = 0;
		};
		D2FFEFCC2E86CB92008AEB2D /* Frameworks */ = {
			isa = PBXFrameworksBuildPhase;
			buildActionMask = 2147483647;
			files = (
			);
			runOnlyForDeploymentPostprocessing = 0;
		};
/* End PBXFrameworksBuildPhase section */

/* Begin PBXGroup section */
		D2FFEFAD2E86CB8F008AEB2D = {
			isa = PBXGroup;
			children = (
				D2E7916D2E8AB8C8001654FF /* MinimumVersionView.swift */,
				D2FFEFB82E86CB8F008AEB2D /* Demo Project */,
				D2FFEFC82E86CB92008AEB2D /* Demo ProjectTests */,
				D2FFEFD22E86CB92008AEB2D /* Demo ProjectUITests */,
				D2FFEFB72E86CB8F008AEB2D /* Products */,
			);
			sourceTree = "<group>";
		};
		D2FFEFB72E86CB8F008AEB2D /* Products */ = {
			isa = PBXGroup;
			children = (
				D2FFEFB62E86CB8F008AEB2D /* Demo Project.app */,
				D2FFEFC52E86CB92008AEB2D /* Demo ProjectTests.xctest */,
				D2FFEFCF2E86CB92008AEB2D /* Demo ProjectUITests.xctest */,
			);
			name = Products;
			sourceTree = "<group>";
		};
/* End PBXGroup section */

/* Begin PBXNativeTarget section */
		D2FFEFB52E86CB8F008AEB2D /* Demo Project */ = {
			isa = PBXNativeTarget;
			buildConfigurationList = D2FFEFD92E86CB92008AEB2D /* Build configuration list for PBXNativeTarget "Demo Project" */;
			buildPhases = (
				D2FFEFB22E86CB8F008AEB2D /* Sources */,
				D2FFEFB32E86CB8F008AEB2D /* Frameworks */,
				D2FFEFB42E86CB8F008AEB2D /* Resources */,
			);
			buildRules = (
			);
			dependencies = (
			);
			fileSystemSynchronizedGroups = (
				D2FFEFB82E86CB8F008AEB2D /* Demo Project */,
			);
			name = "Demo Project";
			packageProductDependencies = (
			);
			productName = "Demo Project";
			productReference = D2FFEFB62E86CB8F008AEB2D /* Demo Project.app */;
			productType = "com.apple.product-type.application";
		};
		D2FFEFC42E86CB92008AEB2D /* Demo ProjectTests */ = {
			isa = PBXNativeTarget;
			buildConfigurationList = D2FFEFDC2E86CB92008AEB2D /* Build configuration list for PBXNativeTarget "Demo ProjectTests" */;
			buildPhases = (
				D2FFEFC12E86CB92008AEB2D /* Sources */,
				D2FFEFC22E86CB92008AEB2D /* Frameworks */,
				D2FFEFC32E86CB92008AEB2D /* Resources */,
			);
			buildRules = (
			);
			dependencies = (
				D2FFEFC72E86CB92008AEB2D /* PBXTargetDependency */,
			);
			fileSystemSynchronizedGroups = (
				D2FFEFC82E86CB92008AEB2D /* Demo ProjectTests */,
			);
			name = "Demo ProjectTests";
			packageProductDependencies = (
			);
			productName = "Demo ProjectTests";
			productReference = D2FFEFC52E86CB92008AEB2D /* Demo ProjectTests.xctest */;
			productType = "com.apple.product-type.bundle.unit-test";
		};
		D2FFEFCE2E86CB92008AEB2D /* Demo ProjectUITests */ = {
			isa = PBXNativeTarget;
			buildConfigurationList = D2FFEFDF2E86CB92008AEB2D /* Build configuration list for PBXNativeTarget "Demo ProjectUITests" */;
			buildPhases = (
				D2FFEFCB2E86CB92008AEB2D /* Sources */,
				D2FFEFCC2E86CB92008AEB2D /* Frameworks */,
				D2FFEFCD2E86CB92008AEB2D /* Resources */,
			);
			buildRules = (
			);
			dependencies = (
				D2FFEFD12E86CB92008AEB2D /* PBXTargetDependency */,
			);
			fileSystemSynchronizedGroups = (
				D2FFEFD22E86CB92008AEB2D /* Demo ProjectUITests */,
			);
			name = "Demo ProjectUITests";
			packageProductDependencies = (
			);
			productName = "Demo ProjectUITests";
			productReference = D2FFEFCF2E86CB92008AEB2D /* Demo ProjectUITests.xctest */;
			productType = "com.apple.product-type.bundle.ui-testing";
		};
/* End PBXNativeTarget section */

/* Begin PBXProject section */
		D2FFEFAE2E86CB8F008AEB2D /* Project object */ = {
			isa = PBXProject;
			attributes = {
				BuildIndependentTargetsInParallel = 1;
				LastSwiftUpdateCheck = 2600;
				LastUpgradeCheck = 2600;
				TargetAttributes = {
					D2FFEFB52E86CB8F008AEB2D = {
						CreatedOnToolsVersion = 26.0.1;
					};
					D2FFEFC42E86CB92008AEB2D = {
						CreatedOnToolsVersion = 26.0.1;
						TestTargetID = D2FFEFB52E86CB8F008AEB2D;
					};
					D2FFEFCE2E86CB92008AEB2D = {
						CreatedOnToolsVersion = 26.0.1;
						TestTargetID = D2FFEFB52E86CB8F008AEB2D;
					};
				};
			};
			buildConfigurationList = D2FFEFB12E86CB8F008AEB2D /* Build configuration list for PBXProject "Demo Project" */;
			developmentRegion = en;
			hasScannedForEncodings = 0;
			knownRegions = (
				en,
				Base,
			);
			mainGroup = D2FFEFAD2E86CB8F008AEB2D;
			minimizedProjectReferenceProxies = 1;
			preferredProjectObjectVersion = 77;
			productRefGroup = D2FFEFB72E86CB8F008AEB2D /* Products */;
			projectDirPath = "";
			projectRoot = "";
			targets = (
				D2FFEFB52E86CB8F008AEB2D /* Demo Project */,
				D2FFEFC42E86CB92008AEB2D /* Demo ProjectTests */,
				D2FFEFCE2E86CB92008AEB2D /* Demo ProjectUITests */,
			);
		};
/* End PBXProject section */

/* Begin PBXResourcesBuildPhase section */
		D2FFEFB42E86CB8F008AEB2D /* Resources */ = {
			isa = PBXResourcesBuildPhase;
			buildActionMask = 2147483647;
			files = (
			);
			runOnlyForDeploymentPostprocessing = 0;
		};
		D2FFEFC32E86CB92008AEB2D /* Resources */ = {
			isa = PBXResourcesBuildPhase;
			buildActionMask = 2147483647;
			files = (
			);
			runOnlyForDeploymentPostprocessing = 0;
		};
		D2FFEFCD2E86CB92008AEB2D /* Resources */ = {
			isa = PBXResourcesBuildPhase;
			buildActionMask = 2147483647;
			files = (
			);
			runOnlyForDeploymentPostprocessing = 0;
		};
/* End PBXResourcesBuildPhase section */

/* Begin PBXSourcesBuildPhase section */
		D2FFEFB22E86CB8F008AEB2D /* Sources */ = {
			isa = PBXSourcesBuildPhase;
			buildActionMask = 2147483647;
			files = (
				D2E7916E2E8AB8C8001654FF /* MinimumVersionView.swift in Sources */,
			);
			runOnlyForDeploymentPostprocessing = 0;
		};
		D2FFEFC12E86CB92008AEB2D /* Sources */ = {
			isa = PBXSourcesBuildPhase;
			buildActionMask = 2147483647;
			files = (
			);
			runOnlyForDeploymentPostprocessing = 0;
		};
		D2FFEFCB2E86CB92008AEB2D /* Sources */ = {
			isa = PBXSourcesBuildPhase;
			buildActionMask = 2147483647;
			files = (
			);
			runOnlyForDeploymentPostprocessing = 0;
		};
/* End PBXSourcesBuildPhase section */

/* Begin PBXTargetDependency section */
		D2FFEFC72E86CB92008AEB2D /* PBXTargetDependency */ = {
			isa = PBXTargetDependency;
			target = D2FFEFB52E86CB8F008AEB2D /* Demo Project */;
			targetProxy = D2FFEFC62E86CB92008AEB2D /* PBXContainerItemProxy */;
		};
		D2FFEFD12E86CB92008AEB2D /* PBXTargetDependency */ = {
			isa = PBXTargetDependency;
			target = D2FFEFB52E86CB8F008AEB2D /* Demo Project */;
			targetProxy = D2FFEFD02E86CB92008AEB2D /* PBXContainerItemProxy */;
		};
/* End PBXTargetDependency section */

/* Begin XCBuildConfiguration section */
		D2FFEFD72E86CB92008AEB2D /* Debug */ = {
			isa = XCBuildConfiguration;
			buildSettings = {
				ALWAYS_SEARCH_USER_PATHS = NO;
				ASSETCATALOG_COMPILER_GENERATE_SWIFT_ASSET_SYMBOL_EXTENSIONS = YES;
				CLANG_ANALYZER_NONNULL = YES;
				CLANG_ANALYZER_NUMBER_OBJECT_CONVERSION = YES_AGGRESSIVE;
				CLANG_CXX_LANGUAGE_STANDARD = "gnu++20";
				CLANG_ENABLE_MODULES = YES;
				CLANG_ENABLE_OBJC_ARC = YES;
				CLANG_ENABLE_OBJC_WEAK = YES;
				CLANG_WARN_BLOCK_CAPTURE_AUTORELEASING = YES;
				CLANG_WARN_BOOL_CONVERSION = YES;
				CLANG_WARN_COMMA = YES;
				CLANG_WARN_CONSTANT_CONVERSION = YES;
				CLANG_WARN_DEPRECATED_OBJC_IMPLEMENTATIONS = YES;
				CLANG_WARN_DIRECT_OBJC_ISA_USAGE = YES_ERROR;
				CLANG_WARN_DOCUMENTATION_COMMENTS = YES;
				CLANG_WARN_EMPTY_BODY = YES;
				CLANG_WARN_ENUM_CONVERSION = YES;
				CLANG_WARN_INFINITE_RECURSION = YES;
				CLANG_WARN_INT_CONVERSION = YES;
				CLANG_WARN_NON_LITERAL_NULL_CONVERSION = YES;
				CLANG_WARN_OBJC_IMPLICIT_RETAIN_SELF = YES;
				CLANG_WARN_OBJC_LITERAL_CONVERSION = YES;
				CLANG_WARN_OBJC_ROOT_CLASS = YES_ERROR;
				CLANG_WARN_QUOTED_INCLUDE_IN_FRAMEWORK_HEADER = YES;
				CLANG_WARN_RANGE_LOOP_ANALYSIS = YES;
				CLANG_WARN_STRICT_PROTOTYPES = YES;
				CLANG_WARN_SUSPICIOUS_MOVE = YES;
				CLANG_WARN_UNGUARDED_AVAILABILITY = YES_AGGRESSIVE;
				CLANG_WARN_UNREACHABLE_CODE = YES;
				CLANG_WARN__DUPLICATE_METHOD_MATCH = YES;
				COPY_PHASE_STRIP = NO;
				DEBUG_INFORMATION_FORMAT = dwarf;
				ENABLE_STRICT_OBJC_MSGSEND = YES;
				ENABLE_TESTABILITY = YES;
				ENABLE_USER_SCRIPT_SANDBOXING = YES;
				GCC_C_LANGUAGE_STANDARD = gnu17;
				GCC_DYNAMIC_NO_PIC = NO;
				GCC_NO_COMMON_BLOCKS = YES;
				GCC_OPTIMIZATION_LEVEL = 0;
				GCC_PREPROCESSOR_DEFINITIONS = (
					"DEBUG=1",
					"$(inherited)",
				);
				GCC_WARN_64_TO_32_BIT_CONVERSION = YES;
				GCC_WARN_ABOUT_RETURN_TYPE = YES_ERROR;
				GCC_WARN_UNDECLARED_SELECTOR = YES;
				GCC_WARN_UNINITIALIZED_AUTOS = YES_AGGRESSIVE;
				GCC_WARN_UNUSED_FUNCTION = YES;
				GCC_WARN_UNUSED_VARIABLE = YES;
				IPHONEOS_DEPLOYMENT_TARGET = 26.0;
				LOCALIZATION_PREFERS_STRING_CATALOGS = YES;
				MTL_ENABLE_DEBUG_INFO = INCLUDE_SOURCE;
				MTL_FAST_MATH = YES;
				ONLY_ACTIVE_ARCH = YES;
				SDKROOT = iphoneos;
				SWIFT_ACTIVE_COMPILATION_CONDITIONS = "DEBUG $(inherited)";
				SWIFT_OPTIMIZATION_LEVEL = "-Onone";
			};
			name = Debug;
		};
		D2FFEFD82E86CB92008AEB2D /* Release */ = {
			isa = XCBuildConfiguration;
			buildSettings = {
				ALWAYS_SEARCH_USER_PATHS = NO;
				ASSETCATALOG_COMPILER_GENERATE_SWIFT_ASSET_SYMBOL_EXTENSIONS = YES;
				CLANG_ANALYZER_NONNULL = YES;
				CLANG_ANALYZER_NUMBER_OBJECT_CONVERSION = YES_AGGRESSIVE;
				CLANG_CXX_LANGUAGE_STANDARD = "gnu++20";
				CLANG_ENABLE_MODULES = YES;
				CLANG_ENABLE_OBJC_ARC = YES;
				CLANG_ENABLE_OBJC_WEAK = YES;
				CLANG_WARN_BLOCK_CAPTURE_AUTORELEASING = YES;
				CLANG_WARN_BOOL_CONVERSION = YES;
				CLANG_WARN_COMMA = YES;
				CLANG_WARN_CONSTANT_CONVERSION = YES;
				CLANG_WARN_DEPRECATED_OBJC_IMPLEMENTATIONS = YES;
				CLANG_WARN_DIRECT_OBJC_ISA_USAGE = YES_ERROR;
				CLANG_WARN_DOCUMENTATION_COMMENTS = YES;
				CLANG_WARN_EMPTY_BODY = YES;
				CLANG_WARN_ENUM_CONVERSION = YES;
				CLANG_WARN_INFINITE_RECURSION = YES;
				CLANG_WARN_INT_CONVERSION = YES;
				CLANG_WARN_NON_LITERAL_NULL_CONVERSION = YES;
				CLANG_WARN_OBJC_IMPLICIT_RETAIN_SELF = YES;
				CLANG_WARN_OBJC_LITERAL_CONVERSION = YES;
				CLANG_WARN_OBJC_ROOT_CLASS = YES_ERROR;
				CLANG_WARN_QUOTED_INCLUDE_IN_FRAMEWORK_HEADER = YES;
				CLANG_WARN_RANGE_LOOP_ANALYSIS = YES;
				CLANG_WARN_STRICT_PROTOTYPES = YES;
				CLANG_WARN_SUSPICIOUS_MOVE = YES;
				CLANG_WARN_UNGUARDED_AVAILABILITY = YES_AGGRESSIVE;
				CLANG_WARN_UNREACHABLE_CODE = YES;
				CLANG_WARN__DUPLICATE_METHOD_MATCH = YES;
				COPY_PHASE_STRIP = NO;
				DEBUG_INFORMATION_FORMAT = "dwarf-with-dsym";
				ENABLE_NS_ASSERTIONS = NO;
				ENABLE_STRICT_OBJC_MSGSEND = YES;
				ENABLE_USER_SCRIPT_SANDBOXING = YES;
				GCC_C_LANGUAGE_STANDARD = gnu17;
				GCC_NO_COMMON_BLOCKS = YES;
				GCC_WARN_64_TO_32_BIT_CONVERSION = YES;
				GCC_WARN_ABOUT_RETURN_TYPE = YES_ERROR;
				GCC_WARN_UNDECLARED_SELECTOR = YES;
				GCC_WARN_UNINITIALIZED_AUTOS = YES_AGGRESSIVE;
				GCC_WARN_UNUSED_FUNCTION = YES;
				GCC_WARN_UNUSED_VARIABLE = YES;
				IPHONEOS_DEPLOYMENT_TARGET = 26.0;
				LOCALIZATION_PREFERS_STRING_CATALOGS = YES;
				MTL_ENABLE_DEBUG_INFO = NO;
				MTL_FAST_MATH = YES;
				SDKROOT = iphoneos;
				SWIFT_COMPILATION_MODE = wholemodule;
				VALIDATE_PRODUCT = YES;
			};
			name = Release;
		};
		D2FFEFDA2E86CB92008AEB2D /* Debug */ = {
			isa = XCBuildConfiguration;
			buildSettings = {
				ASSETCATALOG_COMPILER_APPICON_NAME = AppIcon;
				ASSETCATALOG_COMPILER_GLOBAL_ACCENT_COLOR_NAME = AccentColor;
				CODE_SIGN_STYLE = Automatic;
				CURRENT_PROJECT_VERSION = 1;
				ENABLE_PREVIEWS = YES;
				GENERATE_INFOPLIST_FILE = YES;
				INFOPLIST_FILE = "Demo-Project-Info.plist";
				INFOPLIST_KEY_UIApplicationSceneManifest_Generation = YES;
				INFOPLIST_KEY_UIApplicationSupportsIndirectInputEvents = YES;
				INFOPLIST_KEY_UILaunchScreen_Generation = YES;
				INFOPLIST_KEY_UISupportedInterfaceOrientations_iPad = "UIInterfaceOrientationPortrait UIInterfaceOrientationPortraitUpsideDown UIInterfaceOrientationLandscapeLeft UIInterfaceOrientationLandscapeRight";
				INFOPLIST_KEY_UISupportedInterfaceOrientations_iPhone = "UIInterfaceOrientationPortrait UIInterfaceOrientationLandscapeLeft UIInterfaceOrientationLandscapeRight";
				IPHONEOS_DEPLOYMENT_TARGET = 18.6;
				LD_RUNPATH_SEARCH_PATHS = (
					"$(inherited)",
					"@executable_path/Frameworks",
				);
				MARKETING_VERSION = 1.0;
				PRODUCT_BUNDLE_IDENTIFIER = "studio.itch.Demo-Project";
				PRODUCT_NAME = "$(TARGET_NAME)";
				STRING_CATALOG_GENERATE_SYMBOLS = YES;
				SWIFT_APPROACHABLE_CONCURRENCY = YES;
				SWIFT_DEFAULT_ACTOR_ISOLATION = MainActor;
				SWIFT_EMIT_LOC_STRINGS = YES;
				SWIFT_UPCOMING_FEATURE_MEMBER_IMPORT_VISIBILITY = YES;
				SWIFT_VERSION = 5.0;
				TARGETED_DEVICE_FAMILY = "1,2";
			};
			name = Debug;
		};
		D2FFEFDB2E86CB92008AEB2D /* Release */ = {
			isa = XCBuildConfiguration;
			buildSettings = {
				ASSETCATALOG_COMPILER_APPICON_NAME = AppIcon;
				ASSETCATALOG_COMPILER_GLOBAL_ACCENT_COLOR_NAME = AccentColor;
				CODE_SIGN_STYLE = Automatic;
				CURRENT_PROJECT_VERSION = 1;
				ENABLE_PREVIEWS = YES;
				GENERATE_INFOPLIST_FILE = YES;
				INFOPLIST_FILE = "Demo-Project-Info.plist";
				INFOPLIST_KEY_UIApplicationSceneManifest_Generation = YES;
				INFOPLIST_KEY_UIApplicationSupportsIndirectInputEvents = YES;
				INFOPLIST_KEY_UILaunchScreen_Generation = YES;
				INFOPLIST_KEY_UISupportedInterfaceOrientations_iPad = "UIInterfaceOrientationPortrait UIInterfaceOrientationPortraitUpsideDown UIInterfaceOrientationLandscapeLeft UIInterfaceOrientationLandscapeRight";
				INFOPLIST_KEY_UISupportedInterfaceOrientations_iPhone = "UIInterfaceOrientationPortrait UIInterfaceOrientationLandscapeLeft UIInterfaceOrientationLandscapeRight";
				IPHONEOS_DEPLOYMENT_TARGET = 18.6;
				LD_RUNPATH_SEARCH_PATHS = (
					"$(inherited)",
					"@executable_path/Frameworks",
				);
				MARKETING_VERSION = 1.0;
				PRODUCT_BUNDLE_IDENTIFIER = "studio.itch.Demo-Project";
				PRODUCT_NAME = "$(TARGET_NAME)";
				STRING_CATALOG_GENERATE_SYMBOLS = YES;
				SWIFT_APPROACHABLE_CONCURRENCY = YES;
				SWIFT_DEFAULT_ACTOR_ISOLATION = MainActor;
				SWIFT_EMIT_LOC_STRINGS = YES;
				SWIFT_UPCOMING_FEATURE_MEMBER_IMPORT_VISIBILITY = YES;
				SWIFT_VERSION = 5.0;
				TARGETED_DEVICE_FAMILY = "1,2";
			};
			name = Release;
		};
		D2FFEFDD2E86CB92008AEB2D /* Debug */ = {
			isa = XCBuildConfiguration;
			buildSettings = {
				BUNDLE_LOADER = "$(TEST_HOST)";
				CODE_SIGN_STYLE = Automatic;
				CURRENT_PROJECT_VERSION = 1;
				GENERATE_INFOPLIST_FILE = YES;
				IPHONEOS_DEPLOYMENT_TARGET = 26.0;
				MARKETING_VERSION = 1.0;
				PRODUCT_BUNDLE_IDENTIFIER = "studio.itch.Demo-ProjectTests";
				PRODUCT_NAME = "$(TARGET_NAME)";
				STRING_CATALOG_GENERATE_SYMBOLS = NO;
				SWIFT_APPROACHABLE_CONCURRENCY = YES;
				SWIFT_EMIT_LOC_STRINGS = NO;
				SWIFT_UPCOMING_FEATURE_MEMBER_IMPORT_VISIBILITY = YES;
				SWIFT_VERSION = 5.0;
				TARGETED_DEVICE_FAMILY = "1,2";
				TEST_HOST = "$(BUILT_PRODUCTS_DIR)/Demo Project.app/$(BUNDLE_EXECUTABLE_FOLDER_PATH)/Demo Project";
			};
			name = Debug;
		};
		D2FFEFDE2E86CB92008AEB2D /* Release */ = {
			isa = XCBuildConfiguration;
			buildSettings = {
				BUNDLE_LOADER = "$(TEST_HOST)";
				CODE_SIGN_STYLE = Automatic;
				CURRENT_PROJECT_VERSION = 1;
				GENERATE_INFOPLIST_FILE = YES;
				IPHONEOS_DEPLOYMENT_TARGET = 26.0;
				MARKETING_VERSION = 1.0;
				PRODUCT_BUNDLE_IDENTIFIER = "studio.itch.Demo-ProjectTests";
				PRODUCT_NAME = "$(TARGET_NAME)";
				STRING_CATALOG_GENERATE_SYMBOLS = NO;
				SWIFT_APPROACHABLE_CONCURRENCY = YES;
				SWIFT_EMIT_LOC_STRINGS = NO;
				SWIFT_UPCOMING_FEATURE_MEMBER_IMPORT_VISIBILITY = YES;
				SWIFT_VERSION = 5.0;
				TARGETED_DEVICE_FAMILY = "1,2";
				TEST_HOST = "$(BUILT_PRODUCTS_DIR)/Demo Project.app/$(BUNDLE_EXECUTABLE_FOLDER_PATH)/Demo Project";
			};
			name = Release;
		};
		D2FFEFE02E86CB92008AEB2D /* Debug */ = {
			isa = XCBuildConfiguration;
			buildSettings = {
				CODE_SIGN_STYLE = Automatic;
				CURRENT_PROJECT_VERSION = 1;
				GENERATE_INFOPLIST_FILE = YES;
				MARKETING_VERSION = 1.0;
				PRODUCT_BUNDLE_IDENTIFIER = "studio.itch.Demo-ProjectUITests";
				PRODUCT_NAME = "$(TARGET_NAME)";
				STRING_CATALOG_GENERATE_SYMBOLS = NO;
				SWIFT_APPROACHABLE_CONCURRENCY = YES;
				SWIFT_EMIT_LOC_STRINGS = NO;
				SWIFT_UPCOMING_FEATURE_MEMBER_IMPORT_VISIBILITY = YES;
				SWIFT_VERSION = 5.0;
				TARGETED_DEVICE_FAMILY = "1,2";
				TEST_TARGET_NAME = "Demo Project";
			};
			name = Debug;
		};
		D2FFEFE12E86CB92008AEB2D /* Release */ = {
			isa = XCBuildConfiguration;
			buildSettings = {
				CODE_SIGN_STYLE = Automatic;
				CURRENT_PROJECT_VERSION = 1;
				GENERATE_INFOPLIST_FILE = YES;
				MARKETING_VERSION = 1.0;
				PRODUCT_BUNDLE_IDENTIFIER = "studio.itch.Demo-ProjectUITests";
				PRODUCT_NAME = "$(TARGET_NAME)";
				STRING_CATALOG_GENERATE_SYMBOLS = NO;
				SWIFT_APPROACHABLE_CONCURRENCY = YES;
				SWIFT_EMIT_LOC_STRINGS = NO;
				SWIFT_UPCOMING_FEATURE_MEMBER_IMPORT_VISIBILITY = YES;
				SWIFT_VERSION = 5.0;
				TARGETED_DEVICE_FAMILY = "1,2";
				TEST_TARGET_NAME = "Demo Project";
			};
			name = Release;
		};
/* End XCBuildConfiguration section */

/* Begin XCConfigurationList section */
		D2FFEFB12E86CB8F008AEB2D /* Build configuration list for PBXProject "Demo Project" */ = {
			isa = XCConfigurationList;
			buildConfigurations = (
				D2FFEFD72E86CB92008AEB2D /* Debug */,
				D2FFEFD82E86CB92008AEB2D /* Release */,
			);
			defaultConfigurationIsVisible = 0;
			defaultConfigurationName = Release;
		};
		D2FFEFD92E86CB92008AEB2D /* Build configuration list for PBXNativeTarget "Demo Project" */ = {
			isa = XCConfigurationList;
			buildConfigurations = (
				D2FFEFDA2E86CB92008AEB2D /* Debug */,
				D2FFEFDB2E86CB92008AEB2D /* Release */,
			);
			defaultConfigurationIsVisible = 0;
			defaultConfigurationName = Release;
		};
		D2FFEFDC2E86CB92008AEB2D /* Build configuration list for PBXNativeTarget "Demo ProjectTests" */ = {
			isa = XCConfigurationList;
			buildConfigurations = (
				D2FFEFDD2E86CB92008AEB2D /* Debug */,
				D2FFEFDE2E86CB92008AEB2D /* Release */,
			);
			defaultConfigurationIsVisible = 0;
			defaultConfigurationName = Release;
		};
		D2FFEFDF2E86CB92008AEB2D /* Build configuration list for PBXNativeTarget "Demo ProjectUITests" */ = {
			isa = XCConfigurationList;
			buildConfigurations = (
				D2FFEFE02E86CB92008AEB2D /* Debug */,
				D2FFEFE12E86CB92008AEB2D /* Release */,
			);
			defaultConfigurationIsVisible = 0;
			defaultConfigurationName = Release;
		};
/* End XCConfigurationList section */
	};
	rootObject = D2FFEFAE2E86CB8F008AEB2D /* Project object */;
}
